// !$*UTF8*$!
{
	archiveVersion = 1;
	classes = {
	};
	objectVersion = 46;
	objects = {

/* Begin PBXBuildFile section */
		1B1535461AEC9E0B0026705B /* AppDelegate.swift in Sources */ = {isa = PBXBuildFile; fileRef = 1B1535451AEC9E0B0026705B /* AppDelegate.swift */; };
		1B1535491AEC9E0B0026705B /* wheel_app.xcdatamodeld in Sources */ = {isa = PBXBuildFile; fileRef = 1B1535471AEC9E0B0026705B /* wheel_app.xcdatamodeld */; };
		1B15354B1AEC9E0B0026705B /* ViewController.swift in Sources */ = {isa = PBXBuildFile; fileRef = 1B15354A1AEC9E0B0026705B /* ViewController.swift */; };
		1B15354E1AEC9E0B0026705B /* Main.storyboard in Resources */ = {isa = PBXBuildFile; fileRef = 1B15354C1AEC9E0B0026705B /* Main.storyboard */; };
		1B1535501AEC9E0B0026705B /* Images.xcassets in Resources */ = {isa = PBXBuildFile; fileRef = 1B15354F1AEC9E0B0026705B /* Images.xcassets */; };
		1B1535531AEC9E0B0026705B /* LaunchScreen.xib in Resources */ = {isa = PBXBuildFile; fileRef = 1B1535511AEC9E0B0026705B /* LaunchScreen.xib */; };
		1B15355F1AEC9E0B0026705B /* wheel_appTests.swift in Sources */ = {isa = PBXBuildFile; fileRef = 1B15355E1AEC9E0B0026705B /* wheel_appTests.swift */; };
		1B18C34E1AEF41DD00FD1A00 /* NaviMap_View.swift in Sources */ = {isa = PBXBuildFile; fileRef = 1B18C34D1AEF41DD00FD1A00 /* NaviMap_View.swift */; };
		1B3421EC1B00E8E4007265EC /* Localizable.strings in Resources */ = {isa = PBXBuildFile; fileRef = 1B3421EA1B00E8E4007265EC /* Localizable.strings */; };
		1B3421EE1B00E922007265EC /* Localizable.strings in Resources */ = {isa = PBXBuildFile; fileRef = 1B3421E81B00E8E4007265EC /* Localizable.strings */; };
		1B3422E81B01FF33007265EC /* InfoPlist.strings in Resources */ = {isa = PBXBuildFile; fileRef = 1B3422EA1B01FF33007265EC /* InfoPlist.strings */; };
		1B3422ED1B01FF47007265EC /* InfoPlist.strings in Resources */ = {isa = PBXBuildFile; fileRef = 1B3422EF1B01FF47007265EC /* InfoPlist.strings */; };
		1B5C78A11AF1CFD0000F1F79 /* Configuration.swift in Sources */ = {isa = PBXBuildFile; fileRef = 1B5C78A01AF1CFD0000F1F79 /* Configuration.swift */; };
		1B6FE7981B0087D0008B6DAF /* ViewController.swift in Sources */ = {isa = PBXBuildFile; fileRef = 1B15354A1AEC9E0B0026705B /* ViewController.swift */; };
		1B6FE7991B0087D0008B6DAF /* Configuration.swift in Sources */ = {isa = PBXBuildFile; fileRef = 1B5C78A01AF1CFD0000F1F79 /* Configuration.swift */; };
		1B6FE79A1B0087D0008B6DAF /* AppDelegate.swift in Sources */ = {isa = PBXBuildFile; fileRef = 1B1535451AEC9E0B0026705B /* AppDelegate.swift */; };
		1B6FE79B1B0087D0008B6DAF /* wheel_app.xcdatamodeld in Sources */ = {isa = PBXBuildFile; fileRef = 1B1535471AEC9E0B0026705B /* wheel_app.xcdatamodeld */; };
		1B6FE79C1B0087D0008B6DAF /* NaviMap_View.swift in Sources */ = {isa = PBXBuildFile; fileRef = 1B18C34D1AEF41DD00FD1A00 /* NaviMap_View.swift */; };
		1B6FE79E1B0087D0008B6DAF /* CoreLocation.framework in Frameworks */ = {isa = PBXBuildFile; fileRef = 1BD85B841AF0DCD1005FC476 /* CoreLocation.framework */; };
		1B6FE79F1B0087D0008B6DAF /* MapKit.framework in Frameworks */ = {isa = PBXBuildFile; fileRef = 1B7E7A421AEE711D005F48E0 /* MapKit.framework */; };
		1B6FE7A01B0087D0008B6DAF /* libPods.a in Frameworks */ = {isa = PBXBuildFile; fileRef = 4EB2411295C26B10F0CA93D5 /* libPods.a */; };
		1B6FE7A21B0087D0008B6DAF /* Main.storyboard in Resources */ = {isa = PBXBuildFile; fileRef = 1B15354C1AEC9E0B0026705B /* Main.storyboard */; };
		1B6FE7A31B0087D0008B6DAF /* LaunchScreen.xib in Resources */ = {isa = PBXBuildFile; fileRef = 1B1535511AEC9E0B0026705B /* LaunchScreen.xib */; };
		1B6FE7A41B0087D0008B6DAF /* Images.xcassets in Resources */ = {isa = PBXBuildFile; fileRef = 1B15354F1AEC9E0B0026705B /* Images.xcassets */; };
		1B7E7A431AEE711D005F48E0 /* MapKit.framework in Frameworks */ = {isa = PBXBuildFile; fileRef = 1B7E7A421AEE711D005F48E0 /* MapKit.framework */; };
		1BD85B851AF0DCD1005FC476 /* CoreLocation.framework in Frameworks */ = {isa = PBXBuildFile; fileRef = 1BD85B841AF0DCD1005FC476 /* CoreLocation.framework */; };
		BCFDCD3BC6E04F81C9F6D556 /* libPods.a in Frameworks */ = {isa = PBXBuildFile; fileRef = 4EB2411295C26B10F0CA93D5 /* libPods.a */; };
/* End PBXBuildFile section */

/* Begin PBXContainerItemProxy section */
		1B1535591AEC9E0B0026705B /* PBXContainerItemProxy */ = {
			isa = PBXContainerItemProxy;
			containerPortal = 1B1535381AEC9E0B0026705B /* Project object */;
			proxyType = 1;
			remoteGlobalIDString = 1B15353F1AEC9E0B0026705B;
			remoteInfo = "wheel-app";
		};
/* End PBXContainerItemProxy section */

/* Begin PBXFileReference section */
		1B1535401AEC9E0B0026705B /* wheel-app.app */ = {isa = PBXFileReference; explicitFileType = wrapper.application; includeInIndex = 0; path = "wheel-app.app"; sourceTree = BUILT_PRODUCTS_DIR; };
		1B1535441AEC9E0B0026705B /* Info.plist */ = {isa = PBXFileReference; lastKnownFileType = text.plist.xml; path = Info.plist; sourceTree = "<group>"; };
		1B1535451AEC9E0B0026705B /* AppDelegate.swift */ = {isa = PBXFileReference; lastKnownFileType = sourcecode.swift; path = AppDelegate.swift; sourceTree = "<group>"; };
		1B1535481AEC9E0B0026705B /* wheel_app.xcdatamodel */ = {isa = PBXFileReference; lastKnownFileType = wrapper.xcdatamodel; path = wheel_app.xcdatamodel; sourceTree = "<group>"; };
		1B15354A1AEC9E0B0026705B /* ViewController.swift */ = {isa = PBXFileReference; lastKnownFileType = sourcecode.swift; path = ViewController.swift; sourceTree = "<group>"; };
		1B15354D1AEC9E0B0026705B /* Base */ = {isa = PBXFileReference; lastKnownFileType = file.storyboard; name = Base; path = Base.lproj/Main.storyboard; sourceTree = "<group>"; };
		1B15354F1AEC9E0B0026705B /* Images.xcassets */ = {isa = PBXFileReference; lastKnownFileType = folder.assetcatalog; path = Images.xcassets; sourceTree = "<group>"; };
		1B1535521AEC9E0B0026705B /* Base */ = {isa = PBXFileReference; lastKnownFileType = file.xib; name = Base; path = Base.lproj/LaunchScreen.xib; sourceTree = "<group>"; };
		1B1535581AEC9E0B0026705B /* wheel-appTests.xctest */ = {isa = PBXFileReference; explicitFileType = wrapper.cfbundle; includeInIndex = 0; path = "wheel-appTests.xctest"; sourceTree = BUILT_PRODUCTS_DIR; };
		1B15355D1AEC9E0B0026705B /* Info.plist */ = {isa = PBXFileReference; lastKnownFileType = text.plist.xml; path = Info.plist; sourceTree = "<group>"; };
		1B15355E1AEC9E0B0026705B /* wheel_appTests.swift */ = {isa = PBXFileReference; lastKnownFileType = sourcecode.swift; path = wheel_appTests.swift; sourceTree = "<group>"; };
		1B18C34D1AEF41DD00FD1A00 /* NaviMap_View.swift */ = {isa = PBXFileReference; fileEncoding = 4; lastKnownFileType = sourcecode.swift; path = NaviMap_View.swift; sourceTree = "<group>"; };
		1B3134851AFB083E00223597 /* wheel-app-Bridging-Header.h */ = {isa = PBXFileReference; lastKnownFileType = sourcecode.c.h; path = "wheel-app-Bridging-Header.h"; sourceTree = "<group>"; };
		1B3421E81B00E8E4007265EC /* Localizable.strings */ = {isa = PBXFileReference; fileEncoding = 4; lastKnownFileType = text.plist.strings; path = Localizable.strings; sourceTree = "<group>"; };
		1B3421EA1B00E8E4007265EC /* Localizable.strings */ = {isa = PBXFileReference; fileEncoding = 4; lastKnownFileType = text.plist.strings; path = Localizable.strings; sourceTree = "<group>"; };
		1B3422E91B01FF33007265EC /* Base */ = {isa = PBXFileReference; lastKnownFileType = text.plist.strings; name = Base; path = Base.lproj/InfoPlist.strings; sourceTree = "<group>"; };
		1B3422EB1B01FF36007265EC /* en */ = {isa = PBXFileReference; lastKnownFileType = text.plist.strings; name = en; path = en.lproj/InfoPlist.strings; sourceTree = "<group>"; };
		1B3422EC1B01FF37007265EC /* ja */ = {isa = PBXFileReference; lastKnownFileType = text.plist.strings; name = ja; path = ja.lproj/InfoPlist.strings; sourceTree = "<group>"; };
		1B3422EE1B01FF47007265EC /* Base */ = {isa = PBXFileReference; lastKnownFileType = text.plist.strings; name = Base; path = Base.lproj/InfoPlist.strings; sourceTree = "<group>"; };
		1B3422F01B01FF49007265EC /* en */ = {isa = PBXFileReference; lastKnownFileType = text.plist.strings; name = en; path = en.lproj/InfoPlist.strings; sourceTree = "<group>"; };
		1B3422F11B01FF4A007265EC /* ja */ = {isa = PBXFileReference; lastKnownFileType = text.plist.strings; name = ja; path = ja.lproj/InfoPlist.strings; sourceTree = "<group>"; };
		1B3422F31B020633007265EC /* en */ = {isa = PBXFileReference; lastKnownFileType = text.plist.strings; name = en; path = en.lproj/Main.strings; sourceTree = "<group>"; };
		1B3422F51B020638007265EC /* en */ = {isa = PBXFileReference; lastKnownFileType = text.plist.strings; name = en; path = en.lproj/LaunchScreen.strings; sourceTree = "<group>"; };
		1B5C78A01AF1CFD0000F1F79 /* Configuration.swift */ = {isa = PBXFileReference; fileEncoding = 4; lastKnownFileType = sourcecode.swift; path = Configuration.swift; sourceTree = "<group>"; };
		1B6FE7AA1B0087D1008B6DAF /* wheel-app(ADHOC).app */ = {isa = PBXFileReference; explicitFileType = wrapper.application; includeInIndex = 0; path = "wheel-app(ADHOC).app"; sourceTree = BUILT_PRODUCTS_DIR; };
		1B6FE7AB1B0087D1008B6DAF /* wheel-app(ADHOC)-Info.plist */ = {isa = PBXFileReference; lastKnownFileType = text.plist.xml; name = "wheel-app(ADHOC)-Info.plist"; path = "/Volumes/Work_Drive/端末別フォルダ/MacServer/Git/自社開発分/Xcode/wheel-app-ios/wheel-app(ADHOC)-Info.plist"; sourceTree = "<absolute>"; };
		1B6FE7CE1B00A8F4008B6DAF /* ja */ = {isa = PBXFileReference; lastKnownFileType = text.plist.strings; name = ja; path = ja.lproj/LaunchScreen.strings; sourceTree = "<group>"; };
		1B6FE7CF1B00A8F4008B6DAF /* ja */ = {isa = PBXFileReference; lastKnownFileType = text.plist.strings; name = ja; path = ja.lproj/Main.strings; sourceTree = "<group>"; };
		1B7E7A421AEE711D005F48E0 /* MapKit.framework */ = {isa = PBXFileReference; lastKnownFileType = wrapper.framework; name = MapKit.framework; path = System/Library/Frameworks/MapKit.framework; sourceTree = SDKROOT; };
		1BD85B841AF0DCD1005FC476 /* CoreLocation.framework */ = {isa = PBXFileReference; lastKnownFileType = wrapper.framework; name = CoreLocation.framework; path = System/Library/Frameworks/CoreLocation.framework; sourceTree = SDKROOT; };
		1BEF809E73AF7CB83A19BCB6 /* Pods.debug.xcconfig */ = {isa = PBXFileReference; includeInIndex = 1; lastKnownFileType = text.xcconfig; name = Pods.debug.xcconfig; path = "Pods/Target Support Files/Pods/Pods.debug.xcconfig"; sourceTree = "<group>"; };
		4EB2411295C26B10F0CA93D5 /* libPods.a */ = {isa = PBXFileReference; explicitFileType = archive.ar; includeInIndex = 0; path = libPods.a; sourceTree = BUILT_PRODUCTS_DIR; };
		EEFEDE6BE9B9CCB0E688F935 /* Pods.release.xcconfig */ = {isa = PBXFileReference; includeInIndex = 1; lastKnownFileType = text.xcconfig; name = Pods.release.xcconfig; path = "Pods/Target Support Files/Pods/Pods.release.xcconfig"; sourceTree = "<group>"; };
/* End PBXFileReference section */

/* Begin PBXFrameworksBuildPhase section */
		1B15353D1AEC9E0B0026705B /* Frameworks */ = {
			isa = PBXFrameworksBuildPhase;
			buildActionMask = 2147483647;
			files = (
				1BD85B851AF0DCD1005FC476 /* CoreLocation.framework in Frameworks */,
				1B7E7A431AEE711D005F48E0 /* MapKit.framework in Frameworks */,
				BCFDCD3BC6E04F81C9F6D556 /* libPods.a in Frameworks */,
			);
			runOnlyForDeploymentPostprocessing = 0;
		};
		1B1535551AEC9E0B0026705B /* Frameworks */ = {
			isa = PBXFrameworksBuildPhase;
			buildActionMask = 2147483647;
			files = (
			);
			runOnlyForDeploymentPostprocessing = 0;
		};
		1B6FE79D1B0087D0008B6DAF /* Frameworks */ = {
			isa = PBXFrameworksBuildPhase;
			buildActionMask = 2147483647;
			files = (
				1B6FE79E1B0087D0008B6DAF /* CoreLocation.framework in Frameworks */,
				1B6FE79F1B0087D0008B6DAF /* MapKit.framework in Frameworks */,
				1B6FE7A01B0087D0008B6DAF /* libPods.a in Frameworks */,
			);
			runOnlyForDeploymentPostprocessing = 0;
		};
/* End PBXFrameworksBuildPhase section */

/* Begin PBXGroup section */
		1B1535371AEC9E0B0026705B = {
			isa = PBXGroup;
			children = (
				1BD85B841AF0DCD1005FC476 /* CoreLocation.framework */,
				1B7E7A421AEE711D005F48E0 /* MapKit.framework */,
				1B1535421AEC9E0B0026705B /* wheel-app */,
				1B15355B1AEC9E0B0026705B /* wheel-appTests */,
				1B1535411AEC9E0B0026705B /* Products */,
				B4F0EBE22908DFC4E3E76B9D /* Pods */,
				E0A9F9FACE2C4881818498C9 /* Frameworks */,
			);
			sourceTree = "<group>";
		};
		1B1535411AEC9E0B0026705B /* Products */ = {
			isa = PBXGroup;
			children = (
				1B1535401AEC9E0B0026705B /* wheel-app.app */,
				1B1535581AEC9E0B0026705B /* wheel-appTests.xctest */,
				1B6FE7AA1B0087D1008B6DAF /* wheel-app(ADHOC).app */,
			);
			name = Products;
			sourceTree = "<group>";
		};
		1B1535421AEC9E0B0026705B /* wheel-app */ = {
			isa = PBXGroup;
			children = (
				1B1535511AEC9E0B0026705B /* LaunchScreen.xib */,
				1B15354C1AEC9E0B0026705B /* Main.storyboard */,
				1B1535451AEC9E0B0026705B /* AppDelegate.swift */,
				1B15354F1AEC9E0B0026705B /* Images.xcassets */,
				1B15354A1AEC9E0B0026705B /* ViewController.swift */,
				1B18C34D1AEF41DD00FD1A00 /* NaviMap_View.swift */,
				1B5C78A01AF1CFD0000F1F79 /* Configuration.swift */,
				1B1535471AEC9E0B0026705B /* wheel_app.xcdatamodeld */,
				1B1535431AEC9E0B0026705B /* Supporting Files */,
				1B3134851AFB083E00223597 /* wheel-app-Bridging-Header.h */,
			);
			path = "wheel-app";
			sourceTree = "<group>";
		};
		1B1535431AEC9E0B0026705B /* Supporting Files */ = {
			isa = PBXGroup;
			children = (
				1B3421E61B00E8E4007265EC /* Res */,
				1B1535441AEC9E0B0026705B /* Info.plist */,
				1B6FE7AB1B0087D1008B6DAF /* wheel-app(ADHOC)-Info.plist */,
			);
			name = "Supporting Files";
			sourceTree = "<group>";
		};
		1B15355B1AEC9E0B0026705B /* wheel-appTests */ = {
			isa = PBXGroup;
			children = (
				1B15355E1AEC9E0B0026705B /* wheel_appTests.swift */,
				1B15355C1AEC9E0B0026705B /* Supporting Files */,
			);
			path = "wheel-appTests";
			sourceTree = "<group>";
		};
		1B15355C1AEC9E0B0026705B /* Supporting Files */ = {
			isa = PBXGroup;
			children = (
				1B15355D1AEC9E0B0026705B /* Info.plist */,
			);
			name = "Supporting Files";
			sourceTree = "<group>";
		};
		1B3421E61B00E8E4007265EC /* Res */ = {
			isa = PBXGroup;
			children = (
				1B3421E71B00E8E4007265EC /* ADHOC */,
				1B3421E91B00E8E4007265EC /* Original */,
			);
			path = Res;
			sourceTree = "<group>";
		};
		1B3421E71B00E8E4007265EC /* ADHOC */ = {
			isa = PBXGroup;
			children = (
				1B3422EA1B01FF33007265EC /* InfoPlist.strings */,
				1B3421E81B00E8E4007265EC /* Localizable.strings */,
			);
			path = ADHOC;
			sourceTree = "<group>";
		};
		1B3421E91B00E8E4007265EC /* Original */ = {
			isa = PBXGroup;
			children = (
				1B3422EF1B01FF47007265EC /* InfoPlist.strings */,
				1B3421EA1B00E8E4007265EC /* Localizable.strings */,
			);
			path = Original;
			sourceTree = "<group>";
		};
		B4F0EBE22908DFC4E3E76B9D /* Pods */ = {
			isa = PBXGroup;
			children = (
				1BEF809E73AF7CB83A19BCB6 /* Pods.debug.xcconfig */,
				EEFEDE6BE9B9CCB0E688F935 /* Pods.release.xcconfig */,
			);
			name = Pods;
			sourceTree = "<group>";
		};
		E0A9F9FACE2C4881818498C9 /* Frameworks */ = {
			isa = PBXGroup;
			children = (
				4EB2411295C26B10F0CA93D5 /* libPods.a */,
			);
			name = Frameworks;
			sourceTree = "<group>";
		};
/* End PBXGroup section */

/* Begin PBXNativeTarget section */
		1B15353F1AEC9E0B0026705B /* wheel-app */ = {
			isa = PBXNativeTarget;
			buildConfigurationList = 1B1535621AEC9E0B0026705B /* Build configuration list for PBXNativeTarget "wheel-app" */;
			buildPhases = (
				363349E8A05897C6FFC0BFA8 /* Check Pods Manifest.lock */,
				1B15353C1AEC9E0B0026705B /* Sources */,
				1B15353D1AEC9E0B0026705B /* Frameworks */,
				1B15353E1AEC9E0B0026705B /* Resources */,
				3986BD0F9B27B7EF7AE6BFD9 /* Copy Pods Resources */,
			);
			buildRules = (
			);
			dependencies = (
			);
			name = "wheel-app";
			productName = "wheel-app";
			productReference = 1B1535401AEC9E0B0026705B /* wheel-app.app */;
			productType = "com.apple.product-type.application";
		};
		1B1535571AEC9E0B0026705B /* wheel-appTests */ = {
			isa = PBXNativeTarget;
			buildConfigurationList = 1B1535651AEC9E0B0026705B /* Build configuration list for PBXNativeTarget "wheel-appTests" */;
			buildPhases = (
				1B1535541AEC9E0B0026705B /* Sources */,
				1B1535551AEC9E0B0026705B /* Frameworks */,
				1B1535561AEC9E0B0026705B /* Resources */,
			);
			buildRules = (
			);
			dependencies = (
				1B15355A1AEC9E0B0026705B /* PBXTargetDependency */,
			);
			name = "wheel-appTests";
			productName = "wheel-appTests";
			productReference = 1B1535581AEC9E0B0026705B /* wheel-appTests.xctest */;
			productType = "com.apple.product-type.bundle.unit-test";
		};
		1B6FE7951B0087D0008B6DAF /* wheel-app(ADHOC) */ = {
			isa = PBXNativeTarget;
			buildConfigurationList = 1B6FE7A61B0087D0008B6DAF /* Build configuration list for PBXNativeTarget "wheel-app(ADHOC)" */;
			buildPhases = (
				1B6FE7961B0087D0008B6DAF /* Check Pods Manifest.lock */,
				1B6FE7971B0087D0008B6DAF /* Sources */,
				1B6FE79D1B0087D0008B6DAF /* Frameworks */,
				1B6FE7A11B0087D0008B6DAF /* Resources */,
				1B6FE7A51B0087D0008B6DAF /* Copy Pods Resources */,
			);
			buildRules = (
			);
			dependencies = (
			);
			name = "wheel-app(ADHOC)";
			productName = "wheel-app";
			productReference = 1B6FE7AA1B0087D1008B6DAF /* wheel-app(ADHOC).app */;
			productType = "com.apple.product-type.application";
		};
/* End PBXNativeTarget section */

/* Begin PBXProject section */
		1B1535381AEC9E0B0026705B /* Project object */ = {
			isa = PBXProject;
			attributes = {
				LastUpgradeCheck = 0630;
				ORGANIZATIONNAME = "Mobile Innovation, LLC.";
				TargetAttributes = {
					1B15353F1AEC9E0B0026705B = {
						CreatedOnToolsVersion = 6.3.1;
						DevelopmentTeam = N5PT49EP9P;
					};
					1B1535571AEC9E0B0026705B = {
						CreatedOnToolsVersion = 6.3.1;
						TestTargetID = 1B15353F1AEC9E0B0026705B;
					};
				};
			};
			buildConfigurationList = 1B15353B1AEC9E0B0026705B /* Build configuration list for PBXProject "wheel-app" */;
			compatibilityVersion = "Xcode 3.2";
			developmentRegion = English;
			hasScannedForEncodings = 0;
			knownRegions = (
				en,
				Base,
				ja,
			);
			mainGroup = 1B1535371AEC9E0B0026705B;
			productRefGroup = 1B1535411AEC9E0B0026705B /* Products */;
			projectDirPath = "";
			projectRoot = "";
			targets = (
				1B15353F1AEC9E0B0026705B /* wheel-app */,
				1B6FE7951B0087D0008B6DAF /* wheel-app(ADHOC) */,
				1B1535571AEC9E0B0026705B /* wheel-appTests */,
			);
		};
/* End PBXProject section */

/* Begin PBXResourcesBuildPhase section */
		1B15353E1AEC9E0B0026705B /* Resources */ = {
			isa = PBXResourcesBuildPhase;
			buildActionMask = 2147483647;
			files = (
				1B3421EC1B00E8E4007265EC /* Localizable.strings in Resources */,
				1B3422ED1B01FF47007265EC /* InfoPlist.strings in Resources */,
				1B15354E1AEC9E0B0026705B /* Main.storyboard in Resources */,
				1B1535531AEC9E0B0026705B /* LaunchScreen.xib in Resources */,
				1B1535501AEC9E0B0026705B /* Images.xcassets in Resources */,
			);
			runOnlyForDeploymentPostprocessing = 0;
		};
		1B1535561AEC9E0B0026705B /* Resources */ = {
			isa = PBXResourcesBuildPhase;
			buildActionMask = 2147483647;
			files = (
			);
			runOnlyForDeploymentPostprocessing = 0;
		};
		1B6FE7A11B0087D0008B6DAF /* Resources */ = {
			isa = PBXResourcesBuildPhase;
			buildActionMask = 2147483647;
			files = (
				1B6FE7A21B0087D0008B6DAF /* Main.storyboard in Resources */,
				1B3421EE1B00E922007265EC /* Localizable.strings in Resources */,
				1B6FE7A31B0087D0008B6DAF /* LaunchScreen.xib in Resources */,
				1B6FE7A41B0087D0008B6DAF /* Images.xcassets in Resources */,
				1B3422E81B01FF33007265EC /* InfoPlist.strings in Resources */,
			);
			runOnlyForDeploymentPostprocessing = 0;
		};
/* End PBXResourcesBuildPhase section */

/* Begin PBXShellScriptBuildPhase section */
		1B6FE7961B0087D0008B6DAF /* Check Pods Manifest.lock */ = {
			isa = PBXShellScriptBuildPhase;
			buildActionMask = 2147483647;
			files = (
			);
			inputPaths = (
			);
			name = "Check Pods Manifest.lock";
			outputPaths = (
			);
			runOnlyForDeploymentPostprocessing = 0;
			shellPath = /bin/sh;
			shellScript = "diff \"${PODS_ROOT}/../Podfile.lock\" \"${PODS_ROOT}/Manifest.lock\" > /dev/null\nif [[ $? != 0 ]] ; then\n    cat << EOM\nerror: The sandbox is not in sync with the Podfile.lock. Run 'pod install' or update your CocoaPods installation.\nEOM\n    exit 1\nfi\n";
			showEnvVarsInLog = 0;
		};
		1B6FE7A51B0087D0008B6DAF /* Copy Pods Resources */ = {
			isa = PBXShellScriptBuildPhase;
			buildActionMask = 2147483647;
			files = (
			);
			inputPaths = (
			);
			name = "Copy Pods Resources";
			outputPaths = (
			);
			runOnlyForDeploymentPostprocessing = 0;
			shellPath = /bin/sh;
			shellScript = "\"${SRCROOT}/Pods/Target Support Files/Pods/Pods-resources.sh\"\n";
			showEnvVarsInLog = 0;
		};
		363349E8A05897C6FFC0BFA8 /* Check Pods Manifest.lock */ = {
			isa = PBXShellScriptBuildPhase;
			buildActionMask = 2147483647;
			files = (
			);
			inputPaths = (
			);
			name = "Check Pods Manifest.lock";
			outputPaths = (
			);
			runOnlyForDeploymentPostprocessing = 0;
			shellPath = /bin/sh;
			shellScript = "diff \"${PODS_ROOT}/../Podfile.lock\" \"${PODS_ROOT}/Manifest.lock\" > /dev/null\nif [[ $? != 0 ]] ; then\n    cat << EOM\nerror: The sandbox is not in sync with the Podfile.lock. Run 'pod install' or update your CocoaPods installation.\nEOM\n    exit 1\nfi\n";
			showEnvVarsInLog = 0;
		};
		3986BD0F9B27B7EF7AE6BFD9 /* Copy Pods Resources */ = {
			isa = PBXShellScriptBuildPhase;
			buildActionMask = 2147483647;
			files = (
			);
			inputPaths = (
			);
			name = "Copy Pods Resources";
			outputPaths = (
			);
			runOnlyForDeploymentPostprocessing = 0;
			shellPath = /bin/sh;
			shellScript = "\"${SRCROOT}/Pods/Target Support Files/Pods/Pods-resources.sh\"\n";
			showEnvVarsInLog = 0;
		};
/* End PBXShellScriptBuildPhase section */

/* Begin PBXSourcesBuildPhase section */
		1B15353C1AEC9E0B0026705B /* Sources */ = {
			isa = PBXSourcesBuildPhase;
			buildActionMask = 2147483647;
			files = (
				1B15354B1AEC9E0B0026705B /* ViewController.swift in Sources */,
				1B5C78A11AF1CFD0000F1F79 /* Configuration.swift in Sources */,
				1B1535461AEC9E0B0026705B /* AppDelegate.swift in Sources */,
				1B1535491AEC9E0B0026705B /* wheel_app.xcdatamodeld in Sources */,
				1B18C34E1AEF41DD00FD1A00 /* NaviMap_View.swift in Sources */,
			);
			runOnlyForDeploymentPostprocessing = 0;
		};
		1B1535541AEC9E0B0026705B /* Sources */ = {
			isa = PBXSourcesBuildPhase;
			buildActionMask = 2147483647;
			files = (
				1B15355F1AEC9E0B0026705B /* wheel_appTests.swift in Sources */,
			);
			runOnlyForDeploymentPostprocessing = 0;
		};
		1B6FE7971B0087D0008B6DAF /* Sources */ = {
			isa = PBXSourcesBuildPhase;
			buildActionMask = 2147483647;
			files = (
				1B6FE7981B0087D0008B6DAF /* ViewController.swift in Sources */,
				1B6FE7991B0087D0008B6DAF /* Configuration.swift in Sources */,
				1B6FE79A1B0087D0008B6DAF /* AppDelegate.swift in Sources */,
				1B6FE79B1B0087D0008B6DAF /* wheel_app.xcdatamodeld in Sources */,
				1B6FE79C1B0087D0008B6DAF /* NaviMap_View.swift in Sources */,
			);
			runOnlyForDeploymentPostprocessing = 0;
		};
/* End PBXSourcesBuildPhase section */

/* Begin PBXTargetDependency section */
		1B15355A1AEC9E0B0026705B /* PBXTargetDependency */ = {
			isa = PBXTargetDependency;
			target = 1B15353F1AEC9E0B0026705B /* wheel-app */;
			targetProxy = 1B1535591AEC9E0B0026705B /* PBXContainerItemProxy */;
		};
/* End PBXTargetDependency section */

/* Begin PBXVariantGroup section */
		1B15354C1AEC9E0B0026705B /* Main.storyboard */ = {
			isa = PBXVariantGroup;
			children = (
				1B15354D1AEC9E0B0026705B /* Base */,
				1B6FE7CF1B00A8F4008B6DAF /* ja */,
				1B3422F31B020633007265EC /* en */,
			);
			name = Main.storyboard;
			sourceTree = "<group>";
		};
		1B1535511AEC9E0B0026705B /* LaunchScreen.xib */ = {
			isa = PBXVariantGroup;
			children = (
				1B1535521AEC9E0B0026705B /* Base */,
				1B6FE7CE1B00A8F4008B6DAF /* ja */,
				1B3422F51B020638007265EC /* en */,
			);
			name = LaunchScreen.xib;
			sourceTree = "<group>";
		};
		1B3422EA1B01FF33007265EC /* InfoPlist.strings */ = {
			isa = PBXVariantGroup;
			children = (
				1B3422E91B01FF33007265EC /* Base */,
				1B3422EB1B01FF36007265EC /* en */,
				1B3422EC1B01FF37007265EC /* ja */,
			);
			name = InfoPlist.strings;
			sourceTree = "<group>";
		};
		1B3422EF1B01FF47007265EC /* InfoPlist.strings */ = {
			isa = PBXVariantGroup;
			children = (
				1B3422EE1B01FF47007265EC /* Base */,
				1B3422F01B01FF49007265EC /* en */,
				1B3422F11B01FF4A007265EC /* ja */,
			);
			name = InfoPlist.strings;
			sourceTree = "<group>";
		};
/* End PBXVariantGroup section */

/* Begin XCBuildConfiguration section */
		1B1535601AEC9E0B0026705B /* Debug */ = {
			isa = XCBuildConfiguration;
			buildSettings = {
				ALWAYS_SEARCH_USER_PATHS = NO;
				CLANG_CXX_LANGUAGE_STANDARD = "gnu++0x";
				CLANG_CXX_LIBRARY = "libc++";
				CLANG_ENABLE_MODULES = YES;
				CLANG_ENABLE_OBJC_ARC = YES;
				CLANG_WARN_BOOL_CONVERSION = YES;
				CLANG_WARN_CONSTANT_CONVERSION = YES;
				CLANG_WARN_DIRECT_OBJC_ISA_USAGE = YES_ERROR;
				CLANG_WARN_EMPTY_BODY = YES;
				CLANG_WARN_ENUM_CONVERSION = YES;
				CLANG_WARN_INT_CONVERSION = YES;
				CLANG_WARN_OBJC_ROOT_CLASS = YES_ERROR;
				CLANG_WARN_UNREACHABLE_CODE = YES;
				CLANG_WARN__DUPLICATE_METHOD_MATCH = YES;
				"CODE_SIGN_IDENTITY[sdk=iphoneos*]" = "iPhone Developer";
				COPY_PHASE_STRIP = NO;
				DEBUG_INFORMATION_FORMAT = "dwarf-with-dsym";
				ENABLE_STRICT_OBJC_MSGSEND = YES;
				GCC_C_LANGUAGE_STANDARD = gnu99;
				GCC_DYNAMIC_NO_PIC = NO;
				GCC_NO_COMMON_BLOCKS = YES;
				GCC_OPTIMIZATION_LEVEL = 0;
				GCC_PREPROCESSOR_DEFINITIONS = (
					"DEBUG=1",
					"$(inherited)",
				);
				GCC_SYMBOLS_PRIVATE_EXTERN = NO;
				GCC_WARN_64_TO_32_BIT_CONVERSION = YES;
				GCC_WARN_ABOUT_RETURN_TYPE = YES_ERROR;
				GCC_WARN_UNDECLARED_SELECTOR = YES;
				GCC_WARN_UNINITIALIZED_AUTOS = YES_AGGRESSIVE;
				GCC_WARN_UNUSED_FUNCTION = YES;
				GCC_WARN_UNUSED_VARIABLE = YES;
				IPHONEOS_DEPLOYMENT_TARGET = 8.3;
				MTL_ENABLE_DEBUG_INFO = YES;
				ONLY_ACTIVE_ARCH = YES;
				SDKROOT = iphoneos;
				SWIFT_OPTIMIZATION_LEVEL = "-Onone";
				TARGETED_DEVICE_FAMILY = "1,2";
			};
			name = Debug;
		};
		1B1535611AEC9E0B0026705B /* Release */ = {
			isa = XCBuildConfiguration;
			buildSettings = {
				ALWAYS_SEARCH_USER_PATHS = NO;
				CLANG_CXX_LANGUAGE_STANDARD = "gnu++0x";
				CLANG_CXX_LIBRARY = "libc++";
				CLANG_ENABLE_MODULES = YES;
				CLANG_ENABLE_OBJC_ARC = YES;
				CLANG_WARN_BOOL_CONVERSION = YES;
				CLANG_WARN_CONSTANT_CONVERSION = YES;
				CLANG_WARN_DIRECT_OBJC_ISA_USAGE = YES_ERROR;
				CLANG_WARN_EMPTY_BODY = YES;
				CLANG_WARN_ENUM_CONVERSION = YES;
				CLANG_WARN_INT_CONVERSION = YES;
				CLANG_WARN_OBJC_ROOT_CLASS = YES_ERROR;
				CLANG_WARN_UNREACHABLE_CODE = YES;
				CLANG_WARN__DUPLICATE_METHOD_MATCH = YES;
				"CODE_SIGN_IDENTITY[sdk=iphoneos*]" = "iPhone Developer";
				COPY_PHASE_STRIP = NO;
				DEBUG_INFORMATION_FORMAT = "dwarf-with-dsym";
				ENABLE_NS_ASSERTIONS = NO;
				ENABLE_STRICT_OBJC_MSGSEND = YES;
				GCC_C_LANGUAGE_STANDARD = gnu99;
				GCC_NO_COMMON_BLOCKS = YES;
				GCC_WARN_64_TO_32_BIT_CONVERSION = YES;
				GCC_WARN_ABOUT_RETURN_TYPE = YES_ERROR;
				GCC_WARN_UNDECLARED_SELECTOR = YES;
				GCC_WARN_UNINITIALIZED_AUTOS = YES_AGGRESSIVE;
				GCC_WARN_UNUSED_FUNCTION = YES;
				GCC_WARN_UNUSED_VARIABLE = YES;
				IPHONEOS_DEPLOYMENT_TARGET = 8.3;
				MTL_ENABLE_DEBUG_INFO = NO;
				SDKROOT = iphoneos;
				TARGETED_DEVICE_FAMILY = "1,2";
				VALIDATE_PRODUCT = YES;
			};
			name = Release;
		};
		1B1535631AEC9E0B0026705B /* Debug */ = {
			isa = XCBuildConfiguration;
			baseConfigurationReference = 1BEF809E73AF7CB83A19BCB6 /* Pods.debug.xcconfig */;
			buildSettings = {
				ASSETCATALOG_COMPILER_APPICON_NAME = AppIcon;
				ASSETCATALOG_COMPILER_LAUNCHIMAGE_NAME = LaunchImage;
				CLANG_ENABLE_MODULES = YES;
				CODE_SIGN_IDENTITY = "iPhone Developer";
				INFOPLIST_FILE = "wheel-app/Info.plist";
				IPHONEOS_DEPLOYMENT_TARGET = 7.1;
				LD_RUNPATH_SEARCH_PATHS = "$(inherited) @executable_path/Frameworks";
				PRODUCT_NAME = "$(TARGET_NAME)";
				SWIFT_OBJC_BRIDGING_HEADER = "wheel-app/wheel-app-Bridging-Header.h";
				SWIFT_OPTIMIZATION_LEVEL = "-Onone";
				TARGETED_DEVICE_FAMILY = 1;
			};
			name = Debug;
		};
		1B1535641AEC9E0B0026705B /* Release */ = {
			isa = XCBuildConfiguration;
			baseConfigurationReference = EEFEDE6BE9B9CCB0E688F935 /* Pods.release.xcconfig */;
			buildSettings = {
				ASSETCATALOG_COMPILER_APPICON_NAME = AppIcon;
				ASSETCATALOG_COMPILER_LAUNCHIMAGE_NAME = LaunchImage;
				CLANG_ENABLE_MODULES = YES;
				CODE_SIGN_IDENTITY = "iPhone Developer";
				INFOPLIST_FILE = "wheel-app/Info.plist";
				IPHONEOS_DEPLOYMENT_TARGET = 7.1;
				LD_RUNPATH_SEARCH_PATHS = "$(inherited) @executable_path/Frameworks";
				PRODUCT_NAME = "$(TARGET_NAME)";
				SWIFT_OBJC_BRIDGING_HEADER = "wheel-app/wheel-app-Bridging-Header.h";
				TARGETED_DEVICE_FAMILY = 1;
			};
			name = Release;
		};
		1B1535661AEC9E0B0026705B /* Debug */ = {
			isa = XCBuildConfiguration;
			buildSettings = {
				BUNDLE_LOADER = "$(TEST_HOST)";
				FRAMEWORK_SEARCH_PATHS = (
					"$(SDKROOT)/Developer/Library/Frameworks",
					"$(inherited)",
				);
				GCC_PREPROCESSOR_DEFINITIONS = (
					"DEBUG=1",
					"$(inherited)",
				);
				INFOPLIST_FILE = "wheel-appTests/Info.plist";
				LD_RUNPATH_SEARCH_PATHS = "$(inherited) @executable_path/Frameworks @loader_path/Frameworks";
				PRODUCT_NAME = "$(TARGET_NAME)";
				TEST_HOST = "$(BUILT_PRODUCTS_DIR)/wheel-app.app/wheel-app";
			};
			name = Debug;
		};
		1B1535671AEC9E0B0026705B /* Release */ = {
			isa = XCBuildConfiguration;
			buildSettings = {
				BUNDLE_LOADER = "$(TEST_HOST)";
				FRAMEWORK_SEARCH_PATHS = (
					"$(SDKROOT)/Developer/Library/Frameworks",
					"$(inherited)",
				);
				INFOPLIST_FILE = "wheel-appTests/Info.plist";
				LD_RUNPATH_SEARCH_PATHS = "$(inherited) @executable_path/Frameworks @loader_path/Frameworks";
				PRODUCT_NAME = "$(TARGET_NAME)";
				TEST_HOST = "$(BUILT_PRODUCTS_DIR)/wheel-app.app/wheel-app";
			};
			name = Release;
		};
		1B6FE74E1B0055BD008B6DAF /* Debug(LOCAL) */ = {
			isa = XCBuildConfiguration;
			buildSettings = {
				ALWAYS_SEARCH_USER_PATHS = NO;
				CLANG_CXX_LANGUAGE_STANDARD = "gnu++0x";
				CLANG_CXX_LIBRARY = "libc++";
				CLANG_ENABLE_MODULES = YES;
				CLANG_ENABLE_OBJC_ARC = YES;
				CLANG_WARN_BOOL_CONVERSION = YES;
				CLANG_WARN_CONSTANT_CONVERSION = YES;
				CLANG_WARN_DIRECT_OBJC_ISA_USAGE = YES_ERROR;
				CLANG_WARN_EMPTY_BODY = YES;
				CLANG_WARN_ENUM_CONVERSION = YES;
				CLANG_WARN_INT_CONVERSION = YES;
				CLANG_WARN_OBJC_ROOT_CLASS = YES_ERROR;
				CLANG_WARN_UNREACHABLE_CODE = YES;
				CLANG_WARN__DUPLICATE_METHOD_MATCH = YES;
				"CODE_SIGN_IDENTITY[sdk=iphoneos*]" = "iPhone Developer";
				COPY_PHASE_STRIP = NO;
				DEBUG_INFORMATION_FORMAT = "dwarf-with-dsym";
				ENABLE_STRICT_OBJC_MSGSEND = YES;
				GCC_C_LANGUAGE_STANDARD = gnu99;
				GCC_DYNAMIC_NO_PIC = NO;
				GCC_NO_COMMON_BLOCKS = YES;
				GCC_OPTIMIZATION_LEVEL = 0;
				GCC_PREPROCESSOR_DEFINITIONS = (
					"DEBUG=1",
					"$(inherited)",
					LOCAL,
				);
				GCC_SYMBOLS_PRIVATE_EXTERN = NO;
				GCC_WARN_64_TO_32_BIT_CONVERSION = YES;
				GCC_WARN_ABOUT_RETURN_TYPE = YES_ERROR;
				GCC_WARN_UNDECLARED_SELECTOR = YES;
				GCC_WARN_UNINITIALIZED_AUTOS = YES_AGGRESSIVE;
				GCC_WARN_UNUSED_FUNCTION = YES;
				GCC_WARN_UNUSED_VARIABLE = YES;
				IPHONEOS_DEPLOYMENT_TARGET = 8.3;
				MTL_ENABLE_DEBUG_INFO = YES;
				ONLY_ACTIVE_ARCH = YES;
				SDKROOT = iphoneos;
				SWIFT_OPTIMIZATION_LEVEL = "-Onone";
				TARGETED_DEVICE_FAMILY = "1,2";
			};
			name = "Debug(LOCAL)";
		};
		1B6FE74F1B0055BD008B6DAF /* Debug(LOCAL) */ = {
			isa = XCBuildConfiguration;
			baseConfigurationReference = 1BEF809E73AF7CB83A19BCB6 /* Pods.debug.xcconfig */;
			buildSettings = {
				ASSETCATALOG_COMPILER_APPICON_NAME = AppIcon;
				ASSETCATALOG_COMPILER_LAUNCHIMAGE_NAME = LaunchImage;
				CLANG_ENABLE_MODULES = YES;
				CODE_SIGN_IDENTITY = "iPhone Developer";
				INFOPLIST_FILE = "wheel-app/Info.plist";
				IPHONEOS_DEPLOYMENT_TARGET = 7.1;
				LD_RUNPATH_SEARCH_PATHS = "$(inherited) @executable_path/Frameworks";
				PRODUCT_NAME = "$(TARGET_NAME)";
				SWIFT_OBJC_BRIDGING_HEADER = "wheel-app/wheel-app-Bridging-Header.h";
				SWIFT_OPTIMIZATION_LEVEL = "-Onone";
				TARGETED_DEVICE_FAMILY = 1;
			};
			name = "Debug(LOCAL)";
		};
		1B6FE7501B0055BD008B6DAF /* Debug(LOCAL) */ = {
			isa = XCBuildConfiguration;
			buildSettings = {
				BUNDLE_LOADER = "$(TEST_HOST)";
				FRAMEWORK_SEARCH_PATHS = (
					"$(SDKROOT)/Developer/Library/Frameworks",
					"$(inherited)",
				);
				GCC_PREPROCESSOR_DEFINITIONS = (
					"DEBUG=1",
					"$(inherited)",
				);
				INFOPLIST_FILE = "wheel-appTests/Info.plist";
				LD_RUNPATH_SEARCH_PATHS = "$(inherited) @executable_path/Frameworks @loader_path/Frameworks";
				PRODUCT_NAME = "$(TARGET_NAME)";
				TEST_HOST = "$(BUILT_PRODUCTS_DIR)/wheel-app.app/wheel-app";
			};
			name = "Debug(LOCAL)";
		};
		1B6FE7A71B0087D0008B6DAF /* Debug */ = {
			isa = XCBuildConfiguration;
			baseConfigurationReference = 1BEF809E73AF7CB83A19BCB6 /* Pods.debug.xcconfig */;
			buildSettings = {
				ASSETCATALOG_COMPILER_APPICON_NAME = AppIcon;
				ASSETCATALOG_COMPILER_LAUNCHIMAGE_NAME = LaunchImage;
				CLANG_ENABLE_MODULES = YES;
				CODE_SIGN_IDENTITY = "iPhone Developer";
				INFOPLIST_FILE = "wheel-app(ADHOC)-Info.plist";
				IPHONEOS_DEPLOYMENT_TARGET = 7.1;
				LD_RUNPATH_SEARCH_PATHS = "$(inherited) @executable_path/Frameworks";
				PRODUCT_NAME = "wheel-app(ADHOC)";
				SWIFT_OBJC_BRIDGING_HEADER = "wheel-app/wheel-app-Bridging-Header.h";
				SWIFT_OPTIMIZATION_LEVEL = "-Onone";
				TARGETED_DEVICE_FAMILY = 1;
			};
			name = Debug;
		};
		1B6FE7A81B0087D0008B6DAF /* Debug(LOCAL) */ = {
			isa = XCBuildConfiguration;
			baseConfigurationReference = 1BEF809E73AF7CB83A19BCB6 /* Pods.debug.xcconfig */;
			buildSettings = {
				ASSETCATALOG_COMPILER_APPICON_NAME = AppIcon;
				ASSETCATALOG_COMPILER_LAUNCHIMAGE_NAME = LaunchImage;
				CLANG_ENABLE_MODULES = YES;
				CODE_SIGN_IDENTITY = "iPhone Developer";
				INFOPLIST_FILE = "wheel-app(ADHOC)-Info.plist";
				IPHONEOS_DEPLOYMENT_TARGET = 7.1;
				LD_RUNPATH_SEARCH_PATHS = "$(inherited) @executable_path/Frameworks";
				PRODUCT_NAME = "wheel-app(ADHOC)";
				SWIFT_OBJC_BRIDGING_HEADER = "wheel-app/wheel-app-Bridging-Header.h";
				SWIFT_OPTIMIZATION_LEVEL = "-Onone";
				TARGETED_DEVICE_FAMILY = 1;
			};
			name = "Debug(LOCAL)";
		};
		1B6FE7A91B0087D0008B6DAF /* Release */ = {
			isa = XCBuildConfiguration;
			baseConfigurationReference = EEFEDE6BE9B9CCB0E688F935 /* Pods.release.xcconfig */;
			buildSettings = {
				ASSETCATALOG_COMPILER_APPICON_NAME = AppIcon;
				ASSETCATALOG_COMPILER_LAUNCHIMAGE_NAME = LaunchImage;
				CLANG_ENABLE_MODULES = YES;
				CODE_SIGN_IDENTITY = "iPhone Developer";
				INFOPLIST_FILE = "wheel-app(ADHOC)-Info.plist";
				IPHONEOS_DEPLOYMENT_TARGET = 7.1;
				LD_RUNPATH_SEARCH_PATHS = "$(inherited) @executable_path/Frameworks";
				PRODUCT_NAME = "wheel-app(ADHOC)";
				SWIFT_OBJC_BRIDGING_HEADER = "wheel-app/wheel-app-Bridging-Header.h";
				TARGETED_DEVICE_FAMILY = 1;
			};
			name = Release;
		};
/* End XCBuildConfiguration section */

/* Begin XCConfigurationList section */
		1B15353B1AEC9E0B0026705B /* Build configuration list for PBXProject "wheel-app" */ = {
			isa = XCConfigurationList;
			buildConfigurations = (
				1B1535601AEC9E0B0026705B /* Debug */,
				1B6FE74E1B0055BD008B6DAF /* Debug(LOCAL) */,
				1B1535611AEC9E0B0026705B /* Release */,
			);
			defaultConfigurationIsVisible = 0;
			defaultConfigurationName = Release;
		};
		1B1535621AEC9E0B0026705B /* Build configuration list for PBXNativeTarget "wheel-app" */ = {
			isa = XCConfigurationList;
			buildConfigurations = (
				1B1535631AEC9E0B0026705B /* Debug */,
				1B6FE74F1B0055BD008B6DAF /* Debug(LOCAL) */,
				1B1535641AEC9E0B0026705B /* Release */,
			);
			defaultConfigurationIsVisible = 0;
			defaultConfigurationName = Release;
		};
		1B1535651AEC9E0B0026705B /* Build configuration list for PBXNativeTarget "wheel-appTests" */ = {
			isa = XCConfigurationList;
			buildConfigurations = (
				1B1535661AEC9E0B0026705B /* Debug */,
				1B6FE7501B0055BD008B6DAF /* Debug(LOCAL) */,
				1B1535671AEC9E0B0026705B /* Release */,
			);
			defaultConfigurationIsVisible = 0;
			defaultConfigurationName = Release;
		};
		1B6FE7A61B0087D0008B6DAF /* Build configuration list for PBXNativeTarget "wheel-app(ADHOC)" */ = {
			isa = XCConfigurationList;
			buildConfigurations = (
				1B6FE7A71B0087D0008B6DAF /* Debug */,
				1B6FE7A81B0087D0008B6DAF /* Debug(LOCAL) */,
				1B6FE7A91B0087D0008B6DAF /* Release */,
			);
			defaultConfigurationIsVisible = 0;
			defaultConfigurationName = Release;
		};
/* End XCConfigurationList section */

/* Begin XCVersionGroup section */
		1B1535471AEC9E0B0026705B /* wheel_app.xcdatamodeld */ = {
			isa = XCVersionGroup;
			children = (
				1B1535481AEC9E0B0026705B /* wheel_app.xcdatamodel */,
			);
			currentVersion = 1B1535481AEC9E0B0026705B /* wheel_app.xcdatamodel */;
			path = wheel_app.xcdatamodeld;
			sourceTree = "<group>";
			versionGroupType = wrapper.xcdatamodel;
		};
/* End XCVersionGroup section */
	};
	rootObject = 1B1535381AEC9E0B0026705B /* Project object */;
}
